
Microsoft Visual Studio Solution File, Format Version 12.00
# Visual Studio Version 17
VisualStudioVersion = 17.8.34330.188
MinimumVisualStudioVersion = 10.0.40219.1
Project("{FAE04EC0-301F-11D3-BF4B-00C04F79EFBC}") = "Interview.OrderStatusApplication.API", "Interview.OrderStatusApplication.API\Interview.OrderStatusApplication.API.csproj", "{406DA8DD-49F2-4766-9A35-F08BBCB392D1}"
EndProject
Global
	GlobalSection(SolutionConfigurationPlatforms) = preSolution
		Debug|Any CPU = Debug|Any CPU
		Release|Any CPU = Release|Any CPU
	EndGlobalSection
	GlobalSection(ProjectConfigurationPlatforms) = postSolution
		{406DA8DD-49F2-4766-9A35-F08BBCB392D1}.Debug|Any CPU.ActiveCfg = Debug|Any CPU
		{406DA8DD-49F2-4766-9A35-F08BBCB392D1}.Debug|Any CPU.Build.0 = Debug|Any CPU
		{406DA8DD-49F2-4766-9A35-F08BBCB392D1}.Release|Any CPU.ActiveCfg = Release|Any CPU
		{406DA8DD-49F2-4766-9A35-F08BBCB392D1}.Release|Any CPU.Build.0 = Release|Any CPU
	EndGlobalSection
	GlobalSection(SolutionProperties) = preSolution
		HideSolutionNode = FALSE
	EndGlobalSection
	GlobalSection(ExtensibilityGlobals) = postSolution
		SolutionGuid = {D5CDF043-AFD0-4C68-BCBE-00D605E03C71}
	EndGlobalSection
EndGlobal
